
Microsoft Visual Studio Solution File, Format Version 12.00
# Visual Studio Version 17
VisualStudioVersion = 17.3.32929.385
MinimumVisualStudioVersion = 10.0.40219.1
Project("{8BC9CEB8-8B4A-11D0-8D11-00A0C91BC942}") = "SPA 2", "SPA 2.vcxproj", "{7EECD8FE-4FDA-4243-A01C-E425AA4DB865}"
EndProject
Global
	GlobalSection(SolutionConfigurationPlatforms) = preSolution
		Debug|x64 = Debug|x64
		Debug|x86 = Debug|x86
		Release|x64 = Release|x64
		Release|x86 = Release|x86
	EndGlobalSection
	GlobalSection(ProjectConfigurationPlatforms) = postSolution
		{7EECD8FE-4FDA-4243-A01C-E425AA4DB865}.Debug|x64.ActiveCfg = Debug|x64
		{7EECD8FE-4FDA-4243-A01C-E425AA4DB865}.Debug|x64.Build.0 = Debug|x64
		{7EECD8FE-4FDA-4243-A01C-E425AA4DB865}.Debug|x86.ActiveCfg = Debug|Win32
		{7EECD8FE-4FDA-4243-A01C-E425AA4DB865}.Debug|x86.Build.0 = Debug|Win32
		{7EECD8FE-4FDA-4243-A01C-E425AA4DB865}.Release|x64.ActiveCfg = Release|x64
		{7EECD8FE-4FDA-4243-A01C-E425AA4DB865}.Release|x64.Build.0 = Release|x64
		{7EECD8FE-4FDA-4243-A01C-E425AA4DB865}.Release|x86.ActiveCfg = Release|Win32
		{7EECD8FE-4FDA-4243-A01C-E425AA4DB865}.Release|x86.Build.0 = Release|Win32
	EndGlobalSection
	GlobalSection(SolutionProperties) = preSolution
		HideSolutionNode = FALSE
	EndGlobalSection
	GlobalSection(ExtensibilityGlobals) = postSolution
		SolutionGuid = {C51891CC-41D5-435C-B94A-1818FE3BD84A}
	EndGlobalSection
EndGlobal
